
Microsoft Visual Studio Solution File, Format Version 12.00
# Visual Studio Version 17
VisualStudioVersion = 17.10.35122.118
MinimumVisualStudioVersion = 10.0.40219.1
Project("{FAE04EC0-301F-11D3-BF4B-00C04F79EFBC}") = "listas_circulares", "listas_circulares\listas_circulares.csproj", "{B71D32D5-88DE-4166-8FFD-6018BBE1B35C}"
EndProject
Project("{FAE04EC0-301F-11D3-BF4B-00C04F79EFBC}") = "listas_dobles_circulares", "listas_dobles_circulares\listas_dobles_circulares.csproj", "{91890123-25BF-4461-A3A3-94C820C8034F}"
EndProject
Project("{FAE04EC0-301F-11D3-BF4B-00C04F79EFBC}") = "unit_test_listas_circulares", "unit_test_listas_circulares\unit_test_listas_circulares.csproj", "{A7771549-50E6-4910-84B8-BE94EE2995E2}"
EndProject
Project("{FAE04EC0-301F-11D3-BF4B-00C04F79EFBC}") = "unit_test_listas_dobles_circulares", "unit_test_listas_dobles_circulares\unit_test_listas_dobles_circulares.csproj", "{9F502588-B525-4ECF-9B00-8C00E81F03E4}"
EndProject
Global
	GlobalSection(SolutionConfigurationPlatforms) = preSolution
		Debug|Any CPU = Debug|Any CPU
		Release|Any CPU = Release|Any CPU
	EndGlobalSection
	GlobalSection(ProjectConfigurationPlatforms) = postSolution
		{B71D32D5-88DE-4166-8FFD-6018BBE1B35C}.Debug|Any CPU.ActiveCfg = Debug|Any CPU
		{B71D32D5-88DE-4166-8FFD-6018BBE1B35C}.Debug|Any CPU.Build.0 = Debug|Any CPU
		{B71D32D5-88DE-4166-8FFD-6018BBE1B35C}.Release|Any CPU.ActiveCfg = Release|Any CPU
		{B71D32D5-88DE-4166-8FFD-6018BBE1B35C}.Release|Any CPU.Build.0 = Release|Any CPU
		{91890123-25BF-4461-A3A3-94C820C8034F}.Debug|Any CPU.ActiveCfg = Debug|Any CPU
		{91890123-25BF-4461-A3A3-94C820C8034F}.Debug|Any CPU.Build.0 = Debug|Any CPU
		{91890123-25BF-4461-A3A3-94C820C8034F}.Release|Any CPU.ActiveCfg = Release|Any CPU
		{91890123-25BF-4461-A3A3-94C820C8034F}.Release|Any CPU.Build.0 = Release|Any CPU
		{A7771549-50E6-4910-84B8-BE94EE2995E2}.Debug|Any CPU.ActiveCfg = Debug|Any CPU
		{A7771549-50E6-4910-84B8-BE94EE2995E2}.Debug|Any CPU.Build.0 = Debug|Any CPU
		{A7771549-50E6-4910-84B8-BE94EE2995E2}.Release|Any CPU.ActiveCfg = Release|Any CPU
		{A7771549-50E6-4910-84B8-BE94EE2995E2}.Release|Any CPU.Build.0 = Release|Any CPU
		{9F502588-B525-4ECF-9B00-8C00E81F03E4}.Debug|Any CPU.ActiveCfg = Debug|Any CPU
		{9F502588-B525-4ECF-9B00-8C00E81F03E4}.Debug|Any CPU.Build.0 = Debug|Any CPU
		{9F502588-B525-4ECF-9B00-8C00E81F03E4}.Release|Any CPU.ActiveCfg = Release|Any CPU
		{9F502588-B525-4ECF-9B00-8C00E81F03E4}.Release|Any CPU.Build.0 = Release|Any CPU
	EndGlobalSection
	GlobalSection(SolutionProperties) = preSolution
		HideSolutionNode = FALSE
	EndGlobalSection
	GlobalSection(ExtensibilityGlobals) = postSolution
		SolutionGuid = {F6591347-820A-4B62-BF68-1BBE73FB51F0}
	EndGlobalSection
EndGlobal
